# This file is autogenerated, do not edit; changes may be undone by the next 'dep ensure'.


[[projects]]
  name = "github.com/PuerkitoBio/purell"
  packages = ["."]
  revision = "44968752391892e1b0d0b821ee79e9a85fa13049"
  version = "v1.1.1"

[[projects]]
  branch = "master"
  name = "github.com/PuerkitoBio/urlesc"
  packages = ["."]
  revision = "de5bf2ad457846296e2031421a34e2568e304e35"

[[projects]]
  name = "github.com/asaskevich/govalidator"
  packages = ["."]
  revision = "ccb8e960c48f04d6935e72476ae4a51028f9e22f"
  version = "v9"

[[projects]]
  branch = "master"
  name = "github.com/globalsign/mgo"
  packages = [
    "bson",
    "internal/json"
  ]
  revision = "eeefdecb41b842af6dc652aaea4026e8403e62df"

[[projects]]
  name = "github.com/go-openapi/analysis"
  packages = [
    ".",
    "internal"
  ]
  revision = "e2f3fdbb7ed0e56e070ccbfb6fc75b288a33c014"
  version = "v0.18.0"

[[projects]]
  name = "github.com/go-openapi/errors"
  packages = ["."]
  revision = "7a7ff1b7b8020f22574411a32f28b4d168d69237"
  version = "v0.18.0"

[[projects]]
  name = "github.com/go-openapi/jsonpointer"
  packages = ["."]
  revision = "ef5f0afec364d3b9396b7b77b43dbe26bf1f8004"
  version = "v0.18.0"

[[projects]]
  name = "github.com/go-openapi/jsonreference"
  packages = ["."]
  revision = "8483a886a90412cd6858df4ea3483dce9c8e35a3"
  version = "v0.18.0"

[[projects]]
  name = "github.com/go-openapi/loads"
  packages = ["."]
  revision = "74628589c3b94e3526a842d24f46589980f5ab22"
  version = "v0.18.0"

[[projects]]
  name = "github.com/go-openapi/runtime"
  packages = [
    ".",
    "client",
    "logger",
    "middleware",
    "middleware/denco",
    "middleware/header",
    "middleware/untyped",
    "security"
  ]
  revision = "41e24cc66d7af6af39eb9b5a6418e901bcdd333c"
  version = "v0.18.0"

[[projects]]
  name = "github.com/go-openapi/spec"
  packages = ["."]
  revision = "5b6cdde3200976e3ecceb2868706ee39b6aff3e4"
  version = "v0.18.0"

[[projects]]
  name = "github.com/go-openapi/strfmt"
  packages = ["."]
  revision = "e471370ae57ac74eaf0afe816a66e4ddd7f1b027"
  version = "v0.18.0"

[[projects]]
  name = "github.com/go-openapi/swag"
  packages = ["."]
  revision = "1d29f06aebd59ccdf11ae04aa0334ded96e2d909"
  version = "v0.18.0"

[[projects]]
  name = "github.com/go-openapi/validate"
  packages = ["."]
  revision = "d2eab7d93009e9215fc85b2faa2c2f2a98c2af48"
  version = "v0.18.0"

[[projects]]
  name = "github.com/gogo/protobuf"
  packages = ["proto"]
  revision = "ba06b47c162d49f2af050fb4c75bcbc86a159d5c"
  version = "v1.2.1"

[[projects]]
  name = "github.com/konsorten/go-windows-terminal-sequences"
  packages = ["."]
  revision = "f55edac94c9bbba5d6182a4be46d86a2c9b5b50e"
  version = "v1.0.2"

[[projects]]
  branch = "master"
  name = "github.com/mailru/easyjson"
  packages = [
    "buffer",
    "jlexer",
    "jwriter"
  ]
  revision = "6243d8e04c3f819e79757e8bc3faa15c3cb27003"

[[projects]]
  name = "github.com/mattn/go-colorable"
  packages = ["."]
  revision = "3a70a971f94a22f2fa562ffcc7a0eb45f5daf045"
  version = "v0.1.1"

[[projects]]
  name = "github.com/mattn/go-isatty"
  packages = ["."]
  revision = "369ecd8cea9851e459abb67eb171853e3986591e"
  version = "v0.0.6"

[[projects]]
  branch = "master"
  name = "github.com/mgutz/ansi"
  packages = ["."]
  revision = "9520e82c474b0a04dd04f8a40959027271bab992"

[[projects]]
  name = "github.com/mitchellh/mapstructure"
  packages = ["."]
  revision = "3536a929edddb9a5b34bd6861dc4a9647cb459fe"
  version = "v1.1.2"

[[projects]]
  name = "github.com/shopspring/decimal"
  packages = ["."]
  revision = "cd690d0c9e2447b1ef2a129a6b7b49077da89b8e"
  version = "1.1.0"

[[projects]]
  name = "github.com/sirupsen/logrus"
  packages = ["."]
  revision = "e1e72e9de974bd926e5c56f83753fba2df402ce5"
  version = "v1.3.0"

[[projects]]
  branch = "master"
  name = "github.com/skycoin/hardware-wallet-go"
  packages = [
    "device-wallet",
    "device-wallet/messages",
    "device-wallet/usb",
    "device-wallet/usb/usbhid",
    "device-wallet/wire"
  ]
  revision = "bf32ef7e0af0ac6050c9ee3b5b2698897fed52a6"

[[projects]]
  name = "github.com/skycoin/skycoin"
  packages = [
    "src/cipher",
    "src/cipher/base58",
    "src/cipher/ripemd160",
    "src/cipher/secp256k1-go",
    "src/cipher/secp256k1-go/secp256k1-go2",
    "src/util/apputil",
    "src/util/certutil",
    "src/util/droplet",
    "src/util/http",
    "src/util/logging"
  ]
  revision = "9b5f9f9715910798b0fa918819c27b362a47a0a4"
  version = "v0.25.1"

[[projects]]
  branch = "master"
  name = "golang.org/x/crypto"
  packages = ["ssh/terminal"]
  revision = "8dd112bcdc25174059e45e07517d9fc663123347"

[[projects]]
  branch = "master"
  name = "golang.org/x/net"
  packages = ["idna"]
  revision = "16b79f2e4e95ea23b2bf9903c9809ff7b013ce85"

[[projects]]
  branch = "master"
  name = "golang.org/x/sys"
  packages = [
    "unix",
    "windows"
  ]
  revision = "e844e0132e93db857c984c24fd4fc86815e43be3"

[[projects]]
  name = "golang.org/x/text"
  packages = [
    "collate",
    "collate/build",
    "internal/colltab",
    "internal/gen",
    "internal/tag",
    "internal/triegen",
    "internal/ucd",
    "language",
    "secure/bidirule",
    "transform",
    "unicode/bidi",
    "unicode/cldr",
    "unicode/norm",
    "unicode/rangetable",
    "width"
  ]
  revision = "f21a4dfb5e38f5895301dc265a8def02365cc3d0"
  version = "v0.3.0"

[[projects]]
  name = "gopkg.in/yaml.v2"
  packages = ["."]
  revision = "51d6538a90f86fe93ac480b35f37b2be17fef232"
  version = "v2.2.2"

[solve-meta]
  analyzer-name = "dep"
  analyzer-version = 1
  inputs-digest = "2803f859a0cb4b42f79ee8cac93bec8624380980fb717d6ff1902ab48d23841b"
  solver-name = "gps-cdcl"
  solver-version = 1
